// !$*UTF8*$!
{
	archiveVersion = 1;
	classes = {
	};
	objectVersion = 46;
	objects = {

/* Begin PBXBuildFile section */
		8E06F1131ECAF5BD0021D054 /* AppDelegate.swift in Sources */ = {isa = PBXBuildFile; fileRef = 8E06F1121ECAF5BD0021D054 /* AppDelegate.swift */; };
		8E06F1151ECAF5BD0021D054 /* ViewController.swift in Sources */ = {isa = PBXBuildFile; fileRef = 8E06F1141ECAF5BD0021D054 /* ViewController.swift */; };
		8E06F1181ECAF5BD0021D054 /* Main.storyboard in Resources */ = {isa = PBXBuildFile; fileRef = 8E06F1161ECAF5BD0021D054 /* Main.storyboard */; };
		8E06F11A1ECAF5BD0021D054 /* Assets.xcassets in Resources */ = {isa = PBXBuildFile; fileRef = 8E06F1191ECAF5BD0021D054 /* Assets.xcassets */; };
		8E06F11D1ECAF5BD0021D054 /* LaunchScreen.storyboard in Resources */ = {isa = PBXBuildFile; fileRef = 8E06F11B1ECAF5BD0021D054 /* LaunchScreen.storyboard */; };
		8E06F1281ECAF5BD0021D054 /* FrameCameraTests.swift in Sources */ = {isa = PBXBuildFile; fileRef = 8E06F1271ECAF5BD0021D054 /* FrameCameraTests.swift */; };
		8E06F1331ECAF5BD0021D054 /* FrameCameraUITests.swift in Sources */ = {isa = PBXBuildFile; fileRef = 8E06F1321ECAF5BD0021D054 /* FrameCameraUITests.swift */; };
		DD6371C799DD3114DF5B3ACB /* Pods_FrameCamera.framework in Frameworks */ = {isa = PBXBuildFile; fileRef = 04A155C1C3C2C12A99D26DBE /* Pods_FrameCamera.framework */; };
/* End PBXBuildFile section */

/* Begin PBXContainerItemProxy section */
		8E06F1241ECAF5BD0021D054 /* PBXContainerItemProxy */ = {
			isa = PBXContainerItemProxy;
			containerPortal = 8E06F1071ECAF5BD0021D054 /* Project object */;
			proxyType = 1;
			remoteGlobalIDString = 8E06F10E1ECAF5BD0021D054;
			remoteInfo = FrameCamera;
		};
		8E06F12F1ECAF5BD0021D054 /* PBXContainerItemProxy */ = {
			isa = PBXContainerItemProxy;
			containerPortal = 8E06F1071ECAF5BD0021D054 /* Project object */;
			proxyType = 1;
			remoteGlobalIDString = 8E06F10E1ECAF5BD0021D054;
			remoteInfo = FrameCamera;
		};
/* End PBXContainerItemProxy section */

/* Begin PBXFileReference section */
		04A155C1C3C2C12A99D26DBE /* Pods_FrameCamera.framework */ = {isa = PBXFileReference; explicitFileType = wrapper.framework; includeInIndex = 0; path = Pods_FrameCamera.framework; sourceTree = BUILT_PRODUCTS_DIR; };
		14F766317387E2E3EE2543D0 /* Pods-FrameCamera.debug.xcconfig */ = {isa = PBXFileReference; includeInIndex = 1; lastKnownFileType = text.xcconfig; name = "Pods-FrameCamera.debug.xcconfig"; path = "Pods/Target Support Files/Pods-FrameCamera/Pods-FrameCamera.debug.xcconfig"; sourceTree = "<group>"; };
		8E06F10F1ECAF5BD0021D054 /* PingGuo.app */ = {isa = PBXFileReference; explicitFileType = wrapper.application; includeInIndex = 0; path = PingGuo.app; sourceTree = BUILT_PRODUCTS_DIR; };
		8E06F1121ECAF5BD0021D054 /* AppDelegate.swift */ = {isa = PBXFileReference; lastKnownFileType = sourcecode.swift; path = AppDelegate.swift; sourceTree = "<group>"; };
		8E06F1141ECAF5BD0021D054 /* ViewController.swift */ = {isa = PBXFileReference; lastKnownFileType = sourcecode.swift; path = ViewController.swift; sourceTree = "<group>"; };
		8E06F1171ECAF5BD0021D054 /* Base */ = {isa = PBXFileReference; lastKnownFileType = file.storyboard; name = Base; path = Base.lproj/Main.storyboard; sourceTree = "<group>"; };
		8E06F1191ECAF5BD0021D054 /* Assets.xcassets */ = {isa = PBXFileReference; lastKnownFileType = folder.assetcatalog; path = Assets.xcassets; sourceTree = "<group>"; };
		8E06F11C1ECAF5BD0021D054 /* Base */ = {isa = PBXFileReference; lastKnownFileType = file.storyboard; name = Base; path = Base.lproj/LaunchScreen.storyboard; sourceTree = "<group>"; };
		8E06F11E1ECAF5BD0021D054 /* Info.plist */ = {isa = PBXFileReference; lastKnownFileType = text.plist.xml; path = Info.plist; sourceTree = "<group>"; };
		8E06F1231ECAF5BD0021D054 /* PingGuoTests.xctest */ = {isa = PBXFileReference; explicitFileType = wrapper.cfbundle; includeInIndex = 0; path = PingGuoTests.xctest; sourceTree = BUILT_PRODUCTS_DIR; };
		8E06F1271ECAF5BD0021D054 /* FrameCameraTests.swift */ = {isa = PBXFileReference; lastKnownFileType = sourcecode.swift; path = FrameCameraTests.swift; sourceTree = "<group>"; };
		8E06F1291ECAF5BD0021D054 /* Info.plist */ = {isa = PBXFileReference; lastKnownFileType = text.plist.xml; path = Info.plist; sourceTree = "<group>"; };
		8E06F12E1ECAF5BD0021D054 /* PingGuoUITests.xctest */ = {isa = PBXFileReference; explicitFileType = wrapper.cfbundle; includeInIndex = 0; path = PingGuoUITests.xctest; sourceTree = BUILT_PRODUCTS_DIR; };
		8E06F1321ECAF5BD0021D054 /* FrameCameraUITests.swift */ = {isa = PBXFileReference; lastKnownFileType = sourcecode.swift; path = FrameCameraUITests.swift; sourceTree = "<group>"; };
		8E06F1341ECAF5BD0021D054 /* Info.plist */ = {isa = PBXFileReference; lastKnownFileType = text.plist.xml; path = Info.plist; sourceTree = "<group>"; };
		E268213FE636F70BFCC60DAD /* Pods-FrameCamera.release.xcconfig */ = {isa = PBXFileReference; includeInIndex = 1; lastKnownFileType = text.xcconfig; name = "Pods-FrameCamera.release.xcconfig"; path = "Pods/Target Support Files/Pods-FrameCamera/Pods-FrameCamera.release.xcconfig"; sourceTree = "<group>"; };
/* End PBXFileReference section */

/* Begin PBXFrameworksBuildPhase section */
		8E06F10C1ECAF5BD0021D054 /* Frameworks */ = {
			isa = PBXFrameworksBuildPhase;
			buildActionMask = 2147483647;
			files = (
				DD6371C799DD3114DF5B3ACB /* Pods_FrameCamera.framework in Frameworks */,
			);
			runOnlyForDeploymentPostprocessing = 0;
		};
		8E06F1201ECAF5BD0021D054 /* Frameworks */ = {
			isa = PBXFrameworksBuildPhase;
			buildActionMask = 2147483647;
			files = (
			);
			runOnlyForDeploymentPostprocessing = 0;
		};
		8E06F12B1ECAF5BD0021D054 /* Frameworks */ = {
			isa = PBXFrameworksBuildPhase;
			buildActionMask = 2147483647;
			files = (
			);
			runOnlyForDeploymentPostprocessing = 0;
		};
/* End PBXFrameworksBuildPhase section */

/* Begin PBXGroup section */
		8E06F1061ECAF5BD0021D054 = {
			isa = PBXGroup;
			children = (
				8E06F1111ECAF5BD0021D054 /* FrameCamera */,
				8E06F1261ECAF5BD0021D054 /* FrameCameraTests */,
				8E06F1311ECAF5BD0021D054 /* FrameCameraUITests */,
				8E06F1101ECAF5BD0021D054 /* Products */,
				EB1F61EA4AA4AB0795E7074E /* Pods */,
				BF5B98A28183A27470D9514F /* Frameworks */,
			);
			sourceTree = "<group>";
		};
		8E06F1101ECAF5BD0021D054 /* Products */ = {
			isa = PBXGroup;
			children = (
				8E06F10F1ECAF5BD0021D054 /* PingGuo.app */,
				8E06F1231ECAF5BD0021D054 /* PingGuoTests.xctest */,
				8E06F12E1ECAF5BD0021D054 /* PingGuoUITests.xctest */,
			);
			name = Products;
			sourceTree = "<group>";
		};
		8E06F1111ECAF5BD0021D054 /* FrameCamera */ = {
			isa = PBXGroup;
			children = (
				8E06F1121ECAF5BD0021D054 /* AppDelegate.swift */,
				8E06F1141ECAF5BD0021D054 /* ViewController.swift */,
				8E06F1161ECAF5BD0021D054 /* Main.storyboard */,
				8E06F1191ECAF5BD0021D054 /* Assets.xcassets */,
				8E06F11B1ECAF5BD0021D054 /* LaunchScreen.storyboard */,
				8E06F11E1ECAF5BD0021D054 /* Info.plist */,
			);
			path = FrameCamera;
			sourceTree = "<group>";
		};
		8E06F1261ECAF5BD0021D054 /* FrameCameraTests */ = {
			isa = PBXGroup;
			children = (
				8E06F1271ECAF5BD0021D054 /* FrameCameraTests.swift */,
				8E06F1291ECAF5BD0021D054 /* Info.plist */,
			);
			path = FrameCameraTests;
			sourceTree = "<group>";
		};
		8E06F1311ECAF5BD0021D054 /* FrameCameraUITests */ = {
			isa = PBXGroup;
			children = (
				8E06F1321ECAF5BD0021D054 /* FrameCameraUITests.swift */,
				8E06F1341ECAF5BD0021D054 /* Info.plist */,
			);
			path = FrameCameraUITests;
			sourceTree = "<group>";
		};
		BF5B98A28183A27470D9514F /* Frameworks */ = {
			isa = PBXGroup;
			children = (
				04A155C1C3C2C12A99D26DBE /* Pods_FrameCamera.framework */,
			);
			name = Frameworks;
			sourceTree = "<group>";
		};
		EB1F61EA4AA4AB0795E7074E /* Pods */ = {
			isa = PBXGroup;
			children = (
				14F766317387E2E3EE2543D0 /* Pods-FrameCamera.debug.xcconfig */,
				E268213FE636F70BFCC60DAD /* Pods-FrameCamera.release.xcconfig */,
			);
			name = Pods;
			sourceTree = "<group>";
		};
/* End PBXGroup section */

/* Begin PBXNativeTarget section */
		8E06F10E1ECAF5BD0021D054 /* PingGuo */ = {
			isa = PBXNativeTarget;
			buildConfigurationList = 8E06F1371ECAF5BD0021D054 /* Build configuration list for PBXNativeTarget "PingGuo" */;
			buildPhases = (
				8F3B310611D01A37FA67F252 /* [CP] Check Pods Manifest.lock */,
				8E06F10B1ECAF5BD0021D054 /* Sources */,
				8E06F10C1ECAF5BD0021D054 /* Frameworks */,
				8E06F10D1ECAF5BD0021D054 /* Resources */,
				48DF8DB1F716B6A88B513723 /* [CP] Embed Pods Frameworks */,
				4917FDA98E7229E719C870D7 /* [CP] Copy Pods Resources */,
			);
			buildRules = (
			);
			dependencies = (
			);
			name = PingGuo;
			productName = FrameCamera;
			productReference = 8E06F10F1ECAF5BD0021D054 /* PingGuo.app */;
			productType = "com.apple.product-type.application";
		};
		8E06F1221ECAF5BD0021D054 /* PingGuoTests */ = {
			isa = PBXNativeTarget;
			buildConfigurationList = 8E06F13A1ECAF5BD0021D054 /* Build configuration list for PBXNativeTarget "PingGuoTests" */;
			buildPhases = (
				8E06F11F1ECAF5BD0021D054 /* Sources */,
				8E06F1201ECAF5BD0021D054 /* Frameworks */,
				8E06F1211ECAF5BD0021D054 /* Resources */,
			);
			buildRules = (
			);
			dependencies = (
				8E06F1251ECAF5BD0021D054 /* PBXTargetDependency */,
			);
			name = PingGuoTests;
			productName = FrameCameraTests;
			productReference = 8E06F1231ECAF5BD0021D054 /* PingGuoTests.xctest */;
			productType = "com.apple.product-type.bundle.unit-test";
		};
		8E06F12D1ECAF5BD0021D054 /* PingGuoUITests */ = {
			isa = PBXNativeTarget;
			buildConfigurationList = 8E06F13D1ECAF5BD0021D054 /* Build configuration list for PBXNativeTarget "PingGuoUITests" */;
			buildPhases = (
				8E06F12A1ECAF5BD0021D054 /* Sources */,
				8E06F12B1ECAF5BD0021D054 /* Frameworks */,
				8E06F12C1ECAF5BD0021D054 /* Resources */,
			);
			buildRules = (
			);
			dependencies = (
				8E06F1301ECAF5BD0021D054 /* PBXTargetDependency */,
			);
			name = PingGuoUITests;
			productName = FrameCameraUITests;
			productReference = 8E06F12E1ECAF5BD0021D054 /* PingGuoUITests.xctest */;
			productType = "com.apple.product-type.bundle.ui-testing";
		};
/* End PBXNativeTarget section */

/* Begin PBXProject section */
		8E06F1071ECAF5BD0021D054 /* Project object */ = {
			isa = PBXProject;
			attributes = {
				LastSwiftUpdateCheck = 0830;
				LastUpgradeCheck = 0830;
				ORGANIZATIONNAME = ShenMu;
				TargetAttributes = {
					8E06F10E1ECAF5BD0021D054 = {
						CreatedOnToolsVersion = 8.3.2;
						ProvisioningStyle = Automatic;
					};
					8E06F1221ECAF5BD0021D054 = {
						CreatedOnToolsVersion = 8.3.2;
						ProvisioningStyle = Automatic;
						TestTargetID = 8E06F10E1ECAF5BD0021D054;
					};
					8E06F12D1ECAF5BD0021D054 = {
						CreatedOnToolsVersion = 8.3.2;
						ProvisioningStyle = Automatic;
						TestTargetID = 8E06F10E1ECAF5BD0021D054;
					};
				};
			};
			buildConfigurationList = 8E06F10A1ECAF5BD0021D054 /* Build configuration list for PBXProject "PingGuo" */;
			compatibilityVersion = "Xcode 3.2";
			developmentRegion = English;
			hasScannedForEncodings = 0;
			knownRegions = (
				en,
				Base,
			);
			mainGroup = 8E06F1061ECAF5BD0021D054;
			productRefGroup = 8E06F1101ECAF5BD0021D054 /* Products */;
			projectDirPath = "";
			projectRoot = "";
			targets = (
				8E06F10E1ECAF5BD0021D054 /* PingGuo */,
				8E06F1221ECAF5BD0021D054 /* PingGuoTests */,
				8E06F12D1ECAF5BD0021D054 /* PingGuoUITests */,
			);
		};
/* End PBXProject section */

/* Begin PBXResourcesBuildPhase section */
		8E06F10D1ECAF5BD0021D054 /* Resources */ = {
			isa = PBXResourcesBuildPhase;
			buildActionMask = 2147483647;
			files = (
				8E06F11D1ECAF5BD0021D054 /* LaunchScreen.storyboard in Resources */,
				8E06F11A1ECAF5BD0021D054 /* Assets.xcassets in Resources */,
				8E06F1181ECAF5BD0021D054 /* Main.storyboard in Resources */,
			);
			runOnlyForDeploymentPostprocessing = 0;
		};
		8E06F1211ECAF5BD0021D054 /* Resources */ = {
			isa = PBXResourcesBuildPhase;
			buildActionMask = 2147483647;
			files = (
			);
			runOnlyForDeploymentPostprocessing = 0;
		};
		8E06F12C1ECAF5BD0021D054 /* Resources */ = {
			isa = PBXResourcesBuildPhase;
			buildActionMask = 2147483647;
			files = (
			);
			runOnlyForDeploymentPostprocessing = 0;
		};
/* End PBXResourcesBuildPhase section */

/* Begin PBXShellScriptBuildPhase section */
		48DF8DB1F716B6A88B513723 /* [CP] Embed Pods Frameworks */ = {
			isa = PBXShellScriptBuildPhase;
			buildActionMask = 2147483647;
			files = (
			);
			inputPaths = (
			);
			name = "[CP] Embed Pods Frameworks";
			outputPaths = (
			);
			runOnlyForDeploymentPostprocessing = 0;
			shellPath = /bin/sh;
			shellScript = "\"${SRCROOT}/Pods/Target Support Files/Pods-FrameCamera/Pods-FrameCamera-frameworks.sh\"\n";
			showEnvVarsInLog = 0;
		};
		4917FDA98E7229E719C870D7 /* [CP] Copy Pods Resources */ = {
			isa = PBXShellScriptBuildPhase;
			buildActionMask = 2147483647;
			files = (
			);
			inputPaths = (
			);
			name = "[CP] Copy Pods Resources";
			outputPaths = (
			);
			runOnlyForDeploymentPostprocessing = 0;
			shellPath = /bin/sh;
			shellScript = "\"${SRCROOT}/Pods/Target Support Files/Pods-FrameCamera/Pods-FrameCamera-resources.sh\"\n";
			showEnvVarsInLog = 0;
		};
		8F3B310611D01A37FA67F252 /* [CP] Check Pods Manifest.lock */ = {
			isa = PBXShellScriptBuildPhase;
			buildActionMask = 2147483647;
			files = (
			);
			inputPaths = (
			);
			name = "[CP] Check Pods Manifest.lock";
			outputPaths = (
			);
			runOnlyForDeploymentPostprocessing = 0;
			shellPath = /bin/sh;
			shellScript = "diff \"${PODS_PODFILE_DIR_PATH}/Podfile.lock\" \"${PODS_ROOT}/Manifest.lock\" > /dev/null\nif [ $? != 0 ] ; then\n    # print error to STDERR\n    echo \"error: The sandbox is not in sync with the Podfile.lock. Run 'pod install' or update your CocoaPods installation.\" >&2\n    exit 1\nfi\n";
			showEnvVarsInLog = 0;
		};
/* End PBXShellScriptBuildPhase section */

/* Begin PBXSourcesBuildPhase section */
		8E06F10B1ECAF5BD0021D054 /* Sources */ = {
			isa = PBXSourcesBuildPhase;
			buildActionMask = 2147483647;
			files = (
				8E06F1151ECAF5BD0021D054 /* ViewController.swift in Sources */,
				8E06F1131ECAF5BD0021D054 /* AppDelegate.swift in Sources */,
			);
			runOnlyForDeploymentPostprocessing = 0;
		};
		8E06F11F1ECAF5BD0021D054 /* Sources */ = {
			isa = PBXSourcesBuildPhase;
			buildActionMask = 2147483647;
			files = (
				8E06F1281ECAF5BD0021D054 /* FrameCameraTests.swift in Sources */,
			);
			runOnlyForDeploymentPostprocessing = 0;
		};
		8E06F12A1ECAF5BD0021D054 /* Sources */ = {
			isa = PBXSourcesBuildPhase;
			buildActionMask = 2147483647;
			files = (
				8E06F1331ECAF5BD0021D054 /* FrameCameraUITests.swift in Sources */,
			);
			runOnlyForDeploymentPostprocessing = 0;
		};
/* End PBXSourcesBuildPhase section */

/* Begin PBXTargetDependency section */
		8E06F1251ECAF5BD0021D054 /* PBXTargetDependency */ = {
			isa = PBXTargetDependency;
			target = 8E06F10E1ECAF5BD0021D054 /* PingGuo */;
			targetProxy = 8E06F1241ECAF5BD0021D054 /* PBXContainerItemProxy */;
		};
		8E06F1301ECAF5BD0021D054 /* PBXTargetDependency */ = {
			isa = PBXTargetDependency;
			target = 8E06F10E1ECAF5BD0021D054 /* PingGuo */;
			targetProxy = 8E06F12F1ECAF5BD0021D054 /* PBXContainerItemProxy */;
		};
/* End PBXTargetDependency section */

/* Begin PBXVariantGroup section */
		8E06F1161ECAF5BD0021D054 /* Main.storyboard */ = {
			isa = PBXVariantGroup;
			children = (
				8E06F1171ECAF5BD0021D054 /* Base */,
			);
			name = Main.storyboard;
			sourceTree = "<group>";
		};
		8E06F11B1ECAF5BD0021D054 /* LaunchScreen.storyboard */ = {
			isa = PBXVariantGroup;
			children = (
				8E06F11C1ECAF5BD0021D054 /* Base */,
			);
			name = LaunchScreen.storyboard;
			sourceTree = "<group>";
		};
/* End PBXVariantGroup section */

/* Begin XCBuildConfiguration section */
		8E06F1351ECAF5BD0021D054 /* Debug */ = {
			isa = XCBuildConfiguration;
			buildSettings = {
				ALWAYS_SEARCH_USER_PATHS = NO;
				CLANG_ANALYZER_NONNULL = YES;
				CLANG_ANALYZER_NUMBER_OBJECT_CONVERSION = YES_AGGRESSIVE;
				CLANG_CXX_LANGUAGE_STANDARD = "gnu++0x";
				CLANG_CXX_LIBRARY = "libc++";
				CLANG_ENABLE_MODULES = YES;
				CLANG_ENABLE_OBJC_ARC = YES;
				CLANG_WARN_BOOL_CONVERSION = YES;
				CLANG_WARN_CONSTANT_CONVERSION = YES;
				CLANG_WARN_DIRECT_OBJC_ISA_USAGE = YES_ERROR;
				CLANG_WARN_DOCUMENTATION_COMMENTS = YES;
				CLANG_WARN_EMPTY_BODY = YES;
				CLANG_WARN_ENUM_CONVERSION = YES;
				CLANG_WARN_INFINITE_RECURSION = YES;
				CLANG_WARN_INT_CONVERSION = YES;
				CLANG_WARN_OBJC_ROOT_CLASS = YES_ERROR;
				CLANG_WARN_SUSPICIOUS_MOVE = YES;
				CLANG_WARN_UNREACHABLE_CODE = YES;
				CLANG_WARN__DUPLICATE_METHOD_MATCH = YES;
				"CODE_SIGN_IDENTITY[sdk=iphoneos*]" = "iPhone Developer";
				COPY_PHASE_STRIP = NO;
				DEBUG_INFORMATION_FORMAT = dwarf;
				ENABLE_STRICT_OBJC_MSGSEND = YES;
				ENABLE_TESTABILITY = YES;
				GCC_C_LANGUAGE_STANDARD = gnu99;
				GCC_DYNAMIC_NO_PIC = NO;
				GCC_NO_COMMON_BLOCKS = YES;
				GCC_OPTIMIZATION_LEVEL = 0;
				GCC_PREPROCESSOR_DEFINITIONS = (
					"DEBUG=1",
					"$(inherited)",
				);
				GCC_WARN_64_TO_32_BIT_CONVERSION = YES;
				GCC_WARN_ABOUT_RETURN_TYPE = YES_ERROR;
				GCC_WARN_UNDECLARED_SELECTOR = YES;
				GCC_WARN_UNINITIALIZED_AUTOS = YES_AGGRESSIVE;
				GCC_WARN_UNUSED_FUNCTION = YES;
				GCC_WARN_UNUSED_VARIABLE = YES;
				IPHONEOS_DEPLOYMENT_TARGET = 10.3;
				MTL_ENABLE_DEBUG_INFO = YES;
				ONLY_ACTIVE_ARCH = YES;
				SDKROOT = iphoneos;
				SWIFT_ACTIVE_COMPILATION_CONDITIONS = DEBUG;
				SWIFT_OPTIMIZATION_LEVEL = "-Onone";
				TARGETED_DEVICE_FAMILY = "1,2";
			};
			name = Debug;
		};
		8E06F1361ECAF5BD0021D054 /* Release */ = {
			isa = XCBuildConfiguration;
			buildSettings = {
				ALWAYS_SEARCH_USER_PATHS = NO;
				CLANG_ANALYZER_NONNULL = YES;
				CLANG_ANALYZER_NUMBER_OBJECT_CONVERSION = YES_AGGRESSIVE;
				CLANG_CXX_LANGUAGE_STANDARD = "gnu++0x";
				CLANG_CXX_LIBRARY = "libc++";
				CLANG_ENABLE_MODULES = YES;
				CLANG_ENABLE_OBJC_ARC = YES;
				CLANG_WARN_BOOL_CONVERSION = YES;
				CLANG_WARN_CONSTANT_CONVERSION = YES;
				CLANG_WARN_DIRECT_OBJC_ISA_USAGE = YES_ERROR;
				CLANG_WARN_DOCUMENTATION_COMMENTS = YES;
				CLANG_WARN_EMPTY_BODY = YES;
				CLANG_WARN_ENUM_CONVERSION = YES;
				CLANG_WARN_INFINITE_RECURSION = YES;
				CLANG_WARN_INT_CONVERSION = YES;
				CLANG_WARN_OBJC_ROOT_CLASS = YES_ERROR;
				CLANG_WARN_SUSPICIOUS_MOVE = YES;
				CLANG_WARN_UNREACHABLE_CODE = YES;
				CLANG_WARN__DUPLICATE_METHOD_MATCH = YES;
				"CODE_SIGN_IDENTITY[sdk=iphoneos*]" = "iPhone Developer";
				COPY_PHASE_STRIP = NO;
				DEBUG_INFORMATION_FORMAT = "dwarf-with-dsym";
				ENABLE_NS_ASSERTIONS = NO;
				ENABLE_STRICT_OBJC_MSGSEND = YES;
				GCC_C_LANGUAGE_STANDARD = gnu99;
				GCC_NO_COMMON_BLOCKS = YES;
				GCC_WARN_64_TO_32_BIT_CONVERSION = YES;
				GCC_WARN_ABOUT_RETURN_TYPE = YES_ERROR;
				GCC_WARN_UNDECLARED_SELECTOR = YES;
				GCC_WARN_UNINITIALIZED_AUTOS = YES_AGGRESSIVE;
				GCC_WARN_UNUSED_FUNCTION = YES;
				GCC_WARN_UNUSED_VARIABLE = YES;
				IPHONEOS_DEPLOYMENT_TARGET = 10.3;
				MTL_ENABLE_DEBUG_INFO = NO;
				SDKROOT = iphoneos;
				SWIFT_OPTIMIZATION_LEVEL = "-Owholemodule";
				TARGETED_DEVICE_FAMILY = "1,2";
				VALIDATE_PRODUCT = YES;
			};
			name = Release;
		};
		8E06F1381ECAF5BD0021D054 /* Debug */ = {
			isa = XCBuildConfiguration;
			baseConfigurationReference = 14F766317387E2E3EE2543D0 /* Pods-FrameCamera.debug.xcconfig */;
			buildSettings = {
				ASSETCATALOG_COMPILER_APPICON_NAME = AppIcon;
				INFOPLIST_FILE = FrameCamera/Info.plist;
				LD_RUNPATH_SEARCH_PATHS = "$(inherited) @executable_path/Frameworks";
				PRODUCT_BUNDLE_IDENTIFIER = BrotherGang.PingGuo;
				PRODUCT_NAME = "$(TARGET_NAME)";
				SWIFT_VERSION = 3.0;
			};
			name = Debug;
		};
		8E06F1391ECAF5BD0021D054 /* Release */ = {
			isa = XCBuildConfiguration;
			baseConfigurationReference = E268213FE636F70BFCC60DAD /* Pods-FrameCamera.release.xcconfig */;
			buildSettings = {
				ASSETCATALOG_COMPILER_APPICON_NAME = AppIcon;
				INFOPLIST_FILE = FrameCamera/Info.plist;
				LD_RUNPATH_SEARCH_PATHS = "$(inherited) @executable_path/Frameworks";
				PRODUCT_BUNDLE_IDENTIFIER = BrotherGang.PingGuo;
				PRODUCT_NAME = "$(TARGET_NAME)";
				SWIFT_VERSION = 3.0;
			};
			name = Release;
		};
		8E06F13B1ECAF5BD0021D054 /* Debug */ = {
			isa = XCBuildConfiguration;
			buildSettings = {
				ALWAYS_EMBED_SWIFT_STANDARD_LIBRARIES = YES;
				BUNDLE_LOADER = "$(TEST_HOST)";
				INFOPLIST_FILE = FrameCameraTests/Info.plist;
				LD_RUNPATH_SEARCH_PATHS = "$(inherited) @executable_path/Frameworks @loader_path/Frameworks";
				PRODUCT_BUNDLE_IDENTIFIER = BrotherGang.FrameCameraTests;
				PRODUCT_NAME = "$(TARGET_NAME)";
				SWIFT_VERSION = 3.0;
				TEST_HOST = "$(BUILT_PRODUCTS_DIR)/PingGuo.app/PingGuo";
			};
			name = Debug;
		};
		8E06F13C1ECAF5BD0021D054 /* Release */ = {
			isa = XCBuildConfiguration;
			buildSettings = {
				ALWAYS_EMBED_SWIFT_STANDARD_LIBRARIES = YES;
				BUNDLE_LOADER = "$(TEST_HOST)";
				INFOPLIST_FILE = FrameCameraTests/Info.plist;
				LD_RUNPATH_SEARCH_PATHS = "$(inherited) @executable_path/Frameworks @loader_path/Frameworks";
				PRODUCT_BUNDLE_IDENTIFIER = BrotherGang.FrameCameraTests;
				PRODUCT_NAME = "$(TARGET_NAME)";
				SWIFT_VERSION = 3.0;
				TEST_HOST = "$(BUILT_PRODUCTS_DIR)/PingGuo.app/PingGuo";
			};
			name = Release;
		};
		8E06F13E1ECAF5BD0021D054 /* Debug */ = {
			isa = XCBuildConfiguration;
			buildSettings = {
				ALWAYS_EMBED_SWIFT_STANDARD_LIBRARIES = YES;
				INFOPLIST_FILE = FrameCameraUITests/Info.plist;
				LD_RUNPATH_SEARCH_PATHS = "$(inherited) @executable_path/Frameworks @loader_path/Frameworks";
				PRODUCT_BUNDLE_IDENTIFIER = BrotherGang.FrameCameraUITests;
				PRODUCT_NAME = "$(TARGET_NAME)";
				SWIFT_VERSION = 3.0;
				TEST_TARGET_NAME = FrameCamera;
			};
			name = Debug;
		};
		8E06F13F1ECAF5BD0021D054 /* Release */ = {
			isa = XCBuildConfiguration;
			buildSettings = {
				ALWAYS_EMBED_SWIFT_STANDARD_LIBRARIES = YES;
				INFOPLIST_FILE = FrameCameraUITests/Info.plist;
				LD_RUNPATH_SEARCH_PATHS = "$(inherited) @executable_path/Frameworks @loader_path/Frameworks";
				PRODUCT_BUNDLE_IDENTIFIER = BrotherGang.FrameCameraUITests;
				PRODUCT_NAME = "$(TARGET_NAME)";
				SWIFT_VERSION = 3.0;
				TEST_TARGET_NAME = FrameCamera;
			};
			name = Release;
		};
/* End XCBuildConfiguration section */

/* Begin XCConfigurationList section */
		8E06F10A1ECAF5BD0021D054 /* Build configuration list for PBXProject "PingGuo" */ = {
			isa = XCConfigurationList;
			buildConfigurations = (
				8E06F1351ECAF5BD0021D054 /* Debug */,
				8E06F1361ECAF5BD0021D054 /* Release */,
			);
			defaultConfigurationIsVisible = 0;
			defaultConfigurationName = Release;
		};
		8E06F1371ECAF5BD0021D054 /* Build configuration list for PBXNativeTarget "PingGuo" */ = {
			isa = XCConfigurationList;
			buildConfigurations = (
				8E06F1381ECAF5BD0021D054 /* Debug */,
				8E06F1391ECAF5BD0021D054 /* Release */,
			);
			defaultConfigurationIsVisible = 0;
			defaultConfigurationName = Release;
		};
		8E06F13A1ECAF5BD0021D054 /* Build configuration list for PBXNativeTarget "PingGuoTests" */ = {
			isa = XCConfigurationList;
			buildConfigurations = (
				8E06F13B1ECAF5BD0021D054 /* Debug */,
				8E06F13C1ECAF5BD0021D054 /* Release */,
			);
			defaultConfigurationIsVisible = 0;
			defaultConfigurationName = Release;
		};
		8E06F13D1ECAF5BD0021D054 /* Build configuration list for PBXNativeTarget "PingGuoUITests" */ = {
			isa = XCConfigurationList;
			buildConfigurations = (
				8E06F13E1ECAF5BD0021D054 /* Debug */,
				8E06F13F1ECAF5BD0021D054 /* Release */,
			);
			defaultConfigurationIsVisible = 0;
			defaultConfigurationName = Release;
		};
/* End XCConfigurationList section */
	};
	rootObject = 8E06F1071ECAF5BD0021D054 /* Project object */;
}
