// !$*UTF8*$!
{
	archiveVersion = 1;
	classes = {
	};
	objectVersion = 46;
	objects = {

/* Begin PBXBuildFile section */
		8C05F21E1F07A49F00F5EEB6 /* PGUserDefault.swift in Sources */ = {isa = PBXBuildFile; fileRef = 8C05F21D1F07A49F00F5EEB6 /* PGUserDefault.swift */; };
		8C05F2221F07A8CA00F5EEB6 /* VideoLibraryCell.swift in Sources */ = {isa = PBXBuildFile; fileRef = 8C05F2211F07A8CA00F5EEB6 /* VideoLibraryCell.swift */; };
		8C05F2251F07B24400F5EEB6 /* ImageAssetEditVC.swift in Sources */ = {isa = PBXBuildFile; fileRef = 8C05F2231F07B24400F5EEB6 /* ImageAssetEditVC.swift */; };
		8C05F2261F07B24400F5EEB6 /* ImageAssetEditVC.xib in Resources */ = {isa = PBXBuildFile; fileRef = 8C05F2241F07B24400F5EEB6 /* ImageAssetEditVC.xib */; };
		8C05F22A1F07E4C100F5EEB6 /* imageAssetPreviewCell.swift in Sources */ = {isa = PBXBuildFile; fileRef = 8C05F2281F07E4C100F5EEB6 /* imageAssetPreviewCell.swift */; };
		8C05F22B1F07E4C100F5EEB6 /* imageAssetPreviewCell.xib in Resources */ = {isa = PBXBuildFile; fileRef = 8C05F2291F07E4C100F5EEB6 /* imageAssetPreviewCell.xib */; };
		8C05F22E1F081A4900F5EEB6 /* ImageEffectEditVC.swift in Sources */ = {isa = PBXBuildFile; fileRef = 8C05F22C1F081A4900F5EEB6 /* ImageEffectEditVC.swift */; };
		8C05F22F1F081A4900F5EEB6 /* ImageEffectEditVC.xib in Resources */ = {isa = PBXBuildFile; fileRef = 8C05F22D1F081A4900F5EEB6 /* ImageEffectEditVC.xib */; };
		8C41A1C01EFFF5E500431181 /* PGFileManager.swift in Sources */ = {isa = PBXBuildFile; fileRef = 8C41A1BF1EFFF5E500431181 /* PGFileManager.swift */; };
		8C57F6621EED1B3C0086C8F7 /* Info.plist in Resources */ = {isa = PBXBuildFile; fileRef = 8C57F6611EED1B3C0086C8F7 /* Info.plist */; };
		8C57F6641EED1ED00086C8F7 /* CreateSnapShotViewController.xib in Resources */ = {isa = PBXBuildFile; fileRef = 8C57F6631EED1ED00086C8F7 /* CreateSnapShotViewController.xib */; };
		8C57F6711EED2E0A0086C8F7 /* Bundle+Language.swift in Sources */ = {isa = PBXBuildFile; fileRef = 8C57F6671EED2E0A0086C8F7 /* Bundle+Language.swift */; };
		8C57F6721EED2E0A0086C8F7 /* DispatchQueue+Extension.swift in Sources */ = {isa = PBXBuildFile; fileRef = 8C57F6681EED2E0A0086C8F7 /* DispatchQueue+Extension.swift */; };
		8C57F6731EED2E0A0086C8F7 /* Int+Display.swift in Sources */ = {isa = PBXBuildFile; fileRef = 8C57F6691EED2E0A0086C8F7 /* Int+Display.swift */; };
		8C57F6741EED2E0A0086C8F7 /* String+Range.swift in Sources */ = {isa = PBXBuildFile; fileRef = 8C57F66A1EED2E0A0086C8F7 /* String+Range.swift */; };
		8C57F6751EED2E0A0086C8F7 /* UIAlertController+Alert.swift in Sources */ = {isa = PBXBuildFile; fileRef = 8C57F66B1EED2E0A0086C8F7 /* UIAlertController+Alert.swift */; };
		8C57F6761EED2E0A0086C8F7 /* UIColor+Hex.swift in Sources */ = {isa = PBXBuildFile; fileRef = 8C57F66C1EED2E0A0086C8F7 /* UIColor+Hex.swift */; };
		8C57F6771EED2E0A0086C8F7 /* UILabel+LineSpace.swift in Sources */ = {isa = PBXBuildFile; fileRef = 8C57F66D1EED2E0A0086C8F7 /* UILabel+LineSpace.swift */; };
		8C57F6781EED2E0A0086C8F7 /* UITextField+Validation.swift in Sources */ = {isa = PBXBuildFile; fileRef = 8C57F66E1EED2E0A0086C8F7 /* UITextField+Validation.swift */; };
		8C57F6791EED2E0A0086C8F7 /* UIViewController+PlaceHolderView.swift in Sources */ = {isa = PBXBuildFile; fileRef = 8C57F66F1EED2E0A0086C8F7 /* UIViewController+PlaceHolderView.swift */; };
		8C57F67A1EED2E0A0086C8F7 /* URL+Extension.swift in Sources */ = {isa = PBXBuildFile; fileRef = 8C57F6701EED2E0A0086C8F7 /* URL+Extension.swift */; };
		8C6869591EF822D800E20FE4 /* CropImagePickViewController.swift in Sources */ = {isa = PBXBuildFile; fileRef = 8C6869581EF822D800E20FE4 /* CropImagePickViewController.swift */; };
		8C68695B1EF822F900E20FE4 /* CropImagePickViewController.xib in Resources */ = {isa = PBXBuildFile; fileRef = 8C68695A1EF822F900E20FE4 /* CropImagePickViewController.xib */; };
		8C68695E1EF8263E00E20FE4 /* SelectedPhotoCell.swift in Sources */ = {isa = PBXBuildFile; fileRef = 8C68695C1EF8263E00E20FE4 /* SelectedPhotoCell.swift */; };
		8C68695F1EF8263E00E20FE4 /* SelectedPhotoCell.xib in Resources */ = {isa = PBXBuildFile; fileRef = 8C68695D1EF8263E00E20FE4 /* SelectedPhotoCell.xib */; };
		8C6FAA641EF52533005DCFCF /* CreateSnapShotViewController+Camera.swift in Sources */ = {isa = PBXBuildFile; fileRef = 8C6FAA631EF52532005DCFCF /* CreateSnapShotViewController+Camera.swift */; };
		8C6FAA681EF52657005DCFCF /* LYOpenGLView.m in Sources */ = {isa = PBXBuildFile; fileRef = 8C6FAA671EF52657005DCFCF /* LYOpenGLView.m */; };
		8C6FAA6A1EF52E80005DCFCF /* OpenGLES.framework in Frameworks */ = {isa = PBXBuildFile; fileRef = 8C6FAA691EF52E80005DCFCF /* OpenGLES.framework */; };
		8C6FAA6C1EF52EA3005DCFCF /* GLKit.framework in Frameworks */ = {isa = PBXBuildFile; fileRef = 8C6FAA6B1EF52EA3005DCFCF /* GLKit.framework */; };
		8C6FAA6E1EF52EBB005DCFCF /* QuartzCore.framework in Frameworks */ = {isa = PBXBuildFile; fileRef = 8C6FAA6D1EF52EBB005DCFCF /* QuartzCore.framework */; };
		8C6FAA701EF52FFB005DCFCF /* AssetsLibrary.framework in Frameworks */ = {isa = PBXBuildFile; fileRef = 8C6FAA6F1EF52FFB005DCFCF /* AssetsLibrary.framework */; };
		8C6FAA721EF53009005DCFCF /* AVFoundation.framework in Frameworks */ = {isa = PBXBuildFile; fileRef = 8C6FAA711EF53009005DCFCF /* AVFoundation.framework */; };
		8C6FAA771EF53131005DCFCF /* Shader.fsh in Resources */ = {isa = PBXBuildFile; fileRef = 8C6FAA751EF53131005DCFCF /* Shader.fsh */; };
		8C6FAA781EF53131005DCFCF /* Shader.vsh in Resources */ = {isa = PBXBuildFile; fileRef = 8C6FAA761EF53131005DCFCF /* Shader.vsh */; };
		8C6FAA7B1EF531DF005DCFCF /* for_test.png in Resources */ = {isa = PBXBuildFile; fileRef = 8C6FAA7A1EF531DF005DCFCF /* for_test.png */; };
		8E06F1181ECAF5BD0021D054 /* Main.storyboard in Resources */ = {isa = PBXBuildFile; fileRef = 8E06F1161ECAF5BD0021D054 /* Main.storyboard */; };
		8E06F11A1ECAF5BD0021D054 /* Assets.xcassets in Resources */ = {isa = PBXBuildFile; fileRef = 8E06F1191ECAF5BD0021D054 /* Assets.xcassets */; };
		8E2BF7941ED27D120042BE25 /* BaseViewController.swift in Sources */ = {isa = PBXBuildFile; fileRef = 8E2BF7931ED27D120042BE25 /* BaseViewController.swift */; };
		8E2BF7961ED27D220042BE25 /* BaseNavigationContorller.swift in Sources */ = {isa = PBXBuildFile; fileRef = 8E2BF7951ED27D220042BE25 /* BaseNavigationContorller.swift */; };
		8E2BF79E1ED28E1C0042BE25 /* CreateSnapshotViewContorller.swift in Sources */ = {isa = PBXBuildFile; fileRef = 8E2BF79D1ED28E1C0042BE25 /* CreateSnapshotViewContorller.swift */; };
		8E2BF7A41ED28EE10042BE25 /* AppDelegate.swift in Sources */ = {isa = PBXBuildFile; fileRef = 8E2BF7A11ED28EE10042BE25 /* AppDelegate.swift */; };
		8E2BF7A61ED28EE10042BE25 /* ViewController.swift in Sources */ = {isa = PBXBuildFile; fileRef = 8E2BF7A31ED28EE10042BE25 /* ViewController.swift */; };
		8E2BF7A81ED28EEE0042BE25 /* LaunchScreen.storyboard in Resources */ = {isa = PBXBuildFile; fileRef = 8E2BF7A71ED28EEE0042BE25 /* LaunchScreen.storyboard */; };
		8E5A0D151F05F69000E0CDB0 /* PGAsset.swift in Sources */ = {isa = PBXBuildFile; fileRef = 8E5A0D141F05F69000E0CDB0 /* PGAsset.swift */; };
		8E5A0D171F05F71300E0CDB0 /* PGImage.swift in Sources */ = {isa = PBXBuildFile; fileRef = 8E5A0D161F05F71300E0CDB0 /* PGImage.swift */; };
		8E5A0D1D1F0646F700E0CDB0 /* ImageAssetPreviewVC.swift in Sources */ = {isa = PBXBuildFile; fileRef = 8E5A0D1B1F0646F700E0CDB0 /* ImageAssetPreviewVC.swift */; };
		8E5A0D1E1F0646F700E0CDB0 /* ImageAssetPreviewVC.xib in Resources */ = {isa = PBXBuildFile; fileRef = 8E5A0D1C1F0646F700E0CDB0 /* ImageAssetPreviewVC.xib */; };
		DD6371C799DD3114DF5B3ACB /* Pods_FrameCamera.framework in Frameworks */ = {isa = PBXBuildFile; fileRef = 04A155C1C3C2C12A99D26DBE /* Pods_FrameCamera.framework */; };
/* End PBXBuildFile section */

/* Begin PBXContainerItemProxy section */
		8E06F1241ECAF5BD0021D054 /* PBXContainerItemProxy */ = {
			isa = PBXContainerItemProxy;
			containerPortal = 8E06F1071ECAF5BD0021D054 /* Project object */;
			proxyType = 1;
			remoteGlobalIDString = 8E06F10E1ECAF5BD0021D054;
			remoteInfo = FrameCamera;
		};
		8E06F12F1ECAF5BD0021D054 /* PBXContainerItemProxy */ = {
			isa = PBXContainerItemProxy;
			containerPortal = 8E06F1071ECAF5BD0021D054 /* Project object */;
			proxyType = 1;
			remoteGlobalIDString = 8E06F10E1ECAF5BD0021D054;
			remoteInfo = FrameCamera;
		};
/* End PBXContainerItemProxy section */

/* Begin PBXFileReference section */
		04A155C1C3C2C12A99D26DBE /* Pods_FrameCamera.framework */ = {isa = PBXFileReference; explicitFileType = wrapper.framework; includeInIndex = 0; path = Pods_FrameCamera.framework; sourceTree = BUILT_PRODUCTS_DIR; };
		14F766317387E2E3EE2543D0 /* Pods-FrameCamera.debug.xcconfig */ = {isa = PBXFileReference; includeInIndex = 1; lastKnownFileType = text.xcconfig; name = "Pods-FrameCamera.debug.xcconfig"; path = "Pods/Target Support Files/Pods-FrameCamera/Pods-FrameCamera.debug.xcconfig"; sourceTree = "<group>"; };
		8C05F21D1F07A49F00F5EEB6 /* PGUserDefault.swift */ = {isa = PBXFileReference; fileEncoding = 4; lastKnownFileType = sourcecode.swift; path = PGUserDefault.swift; sourceTree = "<group>"; };
		8C05F2211F07A8CA00F5EEB6 /* VideoLibraryCell.swift */ = {isa = PBXFileReference; fileEncoding = 4; lastKnownFileType = sourcecode.swift; path = VideoLibraryCell.swift; sourceTree = "<group>"; };
		8C05F2231F07B24400F5EEB6 /* ImageAssetEditVC.swift */ = {isa = PBXFileReference; fileEncoding = 4; lastKnownFileType = sourcecode.swift; path = ImageAssetEditVC.swift; sourceTree = "<group>"; };
		8C05F2241F07B24400F5EEB6 /* ImageAssetEditVC.xib */ = {isa = PBXFileReference; fileEncoding = 4; lastKnownFileType = file.xib; path = ImageAssetEditVC.xib; sourceTree = "<group>"; };
		8C05F2281F07E4C100F5EEB6 /* imageAssetPreviewCell.swift */ = {isa = PBXFileReference; fileEncoding = 4; lastKnownFileType = sourcecode.swift; path = imageAssetPreviewCell.swift; sourceTree = "<group>"; };
		8C05F2291F07E4C100F5EEB6 /* imageAssetPreviewCell.xib */ = {isa = PBXFileReference; fileEncoding = 4; lastKnownFileType = file.xib; path = imageAssetPreviewCell.xib; sourceTree = "<group>"; };
		8C05F22C1F081A4900F5EEB6 /* ImageEffectEditVC.swift */ = {isa = PBXFileReference; fileEncoding = 4; lastKnownFileType = sourcecode.swift; path = ImageEffectEditVC.swift; sourceTree = "<group>"; };
		8C05F22D1F081A4900F5EEB6 /* ImageEffectEditVC.xib */ = {isa = PBXFileReference; fileEncoding = 4; lastKnownFileType = file.xib; path = ImageEffectEditVC.xib; sourceTree = "<group>"; };
		8C41A1BF1EFFF5E500431181 /* PGFileManager.swift */ = {isa = PBXFileReference; fileEncoding = 4; lastKnownFileType = sourcecode.swift; path = PGFileManager.swift; sourceTree = "<group>"; };
		8C57F6611EED1B3C0086C8F7 /* Info.plist */ = {isa = PBXFileReference; fileEncoding = 4; lastKnownFileType = text.plist.xml; path = Info.plist; sourceTree = "<group>"; };
		8C57F6631EED1ED00086C8F7 /* CreateSnapShotViewController.xib */ = {isa = PBXFileReference; fileEncoding = 4; lastKnownFileType = file.xib; path = CreateSnapShotViewController.xib; sourceTree = "<group>"; };
		8C57F6671EED2E0A0086C8F7 /* Bundle+Language.swift */ = {isa = PBXFileReference; fileEncoding = 4; lastKnownFileType = sourcecode.swift; path = "Bundle+Language.swift"; sourceTree = "<group>"; };
		8C57F6681EED2E0A0086C8F7 /* DispatchQueue+Extension.swift */ = {isa = PBXFileReference; fileEncoding = 4; lastKnownFileType = sourcecode.swift; path = "DispatchQueue+Extension.swift"; sourceTree = "<group>"; };
		8C57F6691EED2E0A0086C8F7 /* Int+Display.swift */ = {isa = PBXFileReference; fileEncoding = 4; lastKnownFileType = sourcecode.swift; path = "Int+Display.swift"; sourceTree = "<group>"; };
		8C57F66A1EED2E0A0086C8F7 /* String+Range.swift */ = {isa = PBXFileReference; fileEncoding = 4; lastKnownFileType = sourcecode.swift; path = "String+Range.swift"; sourceTree = "<group>"; };
		8C57F66B1EED2E0A0086C8F7 /* UIAlertController+Alert.swift */ = {isa = PBXFileReference; fileEncoding = 4; lastKnownFileType = sourcecode.swift; path = "UIAlertController+Alert.swift"; sourceTree = "<group>"; };
		8C57F66C1EED2E0A0086C8F7 /* UIColor+Hex.swift */ = {isa = PBXFileReference; fileEncoding = 4; lastKnownFileType = sourcecode.swift; path = "UIColor+Hex.swift"; sourceTree = "<group>"; };
		8C57F66D1EED2E0A0086C8F7 /* UILabel+LineSpace.swift */ = {isa = PBXFileReference; fileEncoding = 4; lastKnownFileType = sourcecode.swift; path = "UILabel+LineSpace.swift"; sourceTree = "<group>"; };
		8C57F66E1EED2E0A0086C8F7 /* UITextField+Validation.swift */ = {isa = PBXFileReference; fileEncoding = 4; lastKnownFileType = sourcecode.swift; path = "UITextField+Validation.swift"; sourceTree = "<group>"; };
		8C57F66F1EED2E0A0086C8F7 /* UIViewController+PlaceHolderView.swift */ = {isa = PBXFileReference; fileEncoding = 4; lastKnownFileType = sourcecode.swift; path = "UIViewController+PlaceHolderView.swift"; sourceTree = "<group>"; };
		8C57F6701EED2E0A0086C8F7 /* URL+Extension.swift */ = {isa = PBXFileReference; fileEncoding = 4; lastKnownFileType = sourcecode.swift; path = "URL+Extension.swift"; sourceTree = "<group>"; };
		8C6869581EF822D800E20FE4 /* CropImagePickViewController.swift */ = {isa = PBXFileReference; fileEncoding = 4; lastKnownFileType = sourcecode.swift; path = CropImagePickViewController.swift; sourceTree = "<group>"; };
		8C68695A1EF822F900E20FE4 /* CropImagePickViewController.xib */ = {isa = PBXFileReference; fileEncoding = 4; lastKnownFileType = file.xib; path = CropImagePickViewController.xib; sourceTree = "<group>"; };
		8C68695C1EF8263E00E20FE4 /* SelectedPhotoCell.swift */ = {isa = PBXFileReference; fileEncoding = 4; lastKnownFileType = sourcecode.swift; path = SelectedPhotoCell.swift; sourceTree = "<group>"; };
		8C68695D1EF8263E00E20FE4 /* SelectedPhotoCell.xib */ = {isa = PBXFileReference; fileEncoding = 4; lastKnownFileType = file.xib; path = SelectedPhotoCell.xib; sourceTree = "<group>"; };
		8C6FAA631EF52532005DCFCF /* CreateSnapShotViewController+Camera.swift */ = {isa = PBXFileReference; fileEncoding = 4; lastKnownFileType = sourcecode.swift; path = "CreateSnapShotViewController+Camera.swift"; sourceTree = "<group>"; };
		8C6FAA651EF52656005DCFCF /* PingGuo-Bridging-Header.h */ = {isa = PBXFileReference; lastKnownFileType = sourcecode.c.h; name = "PingGuo-Bridging-Header.h"; path = "../SnapShot/PingGuo-Bridging-Header.h"; sourceTree = "<group>"; };
		8C6FAA661EF52657005DCFCF /* LYOpenGLView.h */ = {isa = PBXFileReference; fileEncoding = 4; lastKnownFileType = sourcecode.c.h; path = LYOpenGLView.h; sourceTree = "<group>"; };
		8C6FAA671EF52657005DCFCF /* LYOpenGLView.m */ = {isa = PBXFileReference; fileEncoding = 4; lastKnownFileType = sourcecode.c.objc; path = LYOpenGLView.m; sourceTree = "<group>"; };
		8C6FAA691EF52E80005DCFCF /* OpenGLES.framework */ = {isa = PBXFileReference; lastKnownFileType = wrapper.framework; name = OpenGLES.framework; path = System/Library/Frameworks/OpenGLES.framework; sourceTree = SDKROOT; };
		8C6FAA6B1EF52EA3005DCFCF /* GLKit.framework */ = {isa = PBXFileReference; lastKnownFileType = wrapper.framework; name = GLKit.framework; path = System/Library/Frameworks/GLKit.framework; sourceTree = SDKROOT; };
		8C6FAA6D1EF52EBB005DCFCF /* QuartzCore.framework */ = {isa = PBXFileReference; lastKnownFileType = wrapper.framework; name = QuartzCore.framework; path = System/Library/Frameworks/QuartzCore.framework; sourceTree = SDKROOT; };
		8C6FAA6F1EF52FFB005DCFCF /* AssetsLibrary.framework */ = {isa = PBXFileReference; lastKnownFileType = wrapper.framework; name = AssetsLibrary.framework; path = System/Library/Frameworks/AssetsLibrary.framework; sourceTree = SDKROOT; };
		8C6FAA711EF53009005DCFCF /* AVFoundation.framework */ = {isa = PBXFileReference; lastKnownFileType = wrapper.framework; name = AVFoundation.framework; path = System/Library/Frameworks/AVFoundation.framework; sourceTree = SDKROOT; };
		8C6FAA751EF53131005DCFCF /* Shader.fsh */ = {isa = PBXFileReference; fileEncoding = 4; lastKnownFileType = sourcecode.glsl; path = Shader.fsh; sourceTree = "<group>"; };
		8C6FAA761EF53131005DCFCF /* Shader.vsh */ = {isa = PBXFileReference; fileEncoding = 4; lastKnownFileType = sourcecode.glsl; path = Shader.vsh; sourceTree = "<group>"; };
		8C6FAA7A1EF531DF005DCFCF /* for_test.png */ = {isa = PBXFileReference; lastKnownFileType = image.png; path = for_test.png; sourceTree = "<group>"; };
		8E06F10F1ECAF5BD0021D054 /* PingGuo.app */ = {isa = PBXFileReference; explicitFileType = wrapper.application; includeInIndex = 0; path = PingGuo.app; sourceTree = BUILT_PRODUCTS_DIR; };
		8E06F1171ECAF5BD0021D054 /* Base */ = {isa = PBXFileReference; lastKnownFileType = file.storyboard; name = Base; path = Base.lproj/Main.storyboard; sourceTree = "<group>"; };
		8E06F1191ECAF5BD0021D054 /* Assets.xcassets */ = {isa = PBXFileReference; lastKnownFileType = folder.assetcatalog; path = Assets.xcassets; sourceTree = "<group>"; };
		8E06F1231ECAF5BD0021D054 /* PingGuoTests.xctest */ = {isa = PBXFileReference; explicitFileType = wrapper.cfbundle; includeInIndex = 0; path = PingGuoTests.xctest; sourceTree = BUILT_PRODUCTS_DIR; };
		8E06F12E1ECAF5BD0021D054 /* PingGuoUITests.xctest */ = {isa = PBXFileReference; explicitFileType = wrapper.cfbundle; includeInIndex = 0; path = PingGuoUITests.xctest; sourceTree = BUILT_PRODUCTS_DIR; };
		8E2BF7931ED27D120042BE25 /* BaseViewController.swift */ = {isa = PBXFileReference; fileEncoding = 4; lastKnownFileType = sourcecode.swift; path = BaseViewController.swift; sourceTree = "<group>"; };
		8E2BF7951ED27D220042BE25 /* BaseNavigationContorller.swift */ = {isa = PBXFileReference; fileEncoding = 4; lastKnownFileType = sourcecode.swift; path = BaseNavigationContorller.swift; sourceTree = "<group>"; };
		8E2BF79D1ED28E1C0042BE25 /* CreateSnapshotViewContorller.swift */ = {isa = PBXFileReference; fileEncoding = 4; lastKnownFileType = sourcecode.swift; path = CreateSnapshotViewContorller.swift; sourceTree = "<group>"; };
		8E2BF7A11ED28EE10042BE25 /* AppDelegate.swift */ = {isa = PBXFileReference; fileEncoding = 4; lastKnownFileType = sourcecode.swift; path = AppDelegate.swift; sourceTree = "<group>"; };
		8E2BF7A31ED28EE10042BE25 /* ViewController.swift */ = {isa = PBXFileReference; fileEncoding = 4; lastKnownFileType = sourcecode.swift; name = ViewController.swift; path = "Supporting Files/ViewController.swift"; sourceTree = "<group>"; };
		8E2BF7A71ED28EEE0042BE25 /* LaunchScreen.storyboard */ = {isa = PBXFileReference; fileEncoding = 4; lastKnownFileType = file.storyboard; path = LaunchScreen.storyboard; sourceTree = "<group>"; };
		8E5A0D141F05F69000E0CDB0 /* PGAsset.swift */ = {isa = PBXFileReference; fileEncoding = 4; lastKnownFileType = sourcecode.swift; path = PGAsset.swift; sourceTree = "<group>"; };
		8E5A0D161F05F71300E0CDB0 /* PGImage.swift */ = {isa = PBXFileReference; fileEncoding = 4; lastKnownFileType = sourcecode.swift; path = PGImage.swift; sourceTree = "<group>"; };
		8E5A0D1B1F0646F700E0CDB0 /* ImageAssetPreviewVC.swift */ = {isa = PBXFileReference; fileEncoding = 4; lastKnownFileType = sourcecode.swift; path = ImageAssetPreviewVC.swift; sourceTree = "<group>"; };
		8E5A0D1C1F0646F700E0CDB0 /* ImageAssetPreviewVC.xib */ = {isa = PBXFileReference; fileEncoding = 4; lastKnownFileType = file.xib; path = ImageAssetPreviewVC.xib; sourceTree = "<group>"; };
		E268213FE636F70BFCC60DAD /* Pods-FrameCamera.release.xcconfig */ = {isa = PBXFileReference; includeInIndex = 1; lastKnownFileType = text.xcconfig; name = "Pods-FrameCamera.release.xcconfig"; path = "Pods/Target Support Files/Pods-FrameCamera/Pods-FrameCamera.release.xcconfig"; sourceTree = "<group>"; };
/* End PBXFileReference section */

/* Begin PBXFrameworksBuildPhase section */
		8E06F10C1ECAF5BD0021D054 /* Frameworks */ = {
			isa = PBXFrameworksBuildPhase;
			buildActionMask = 2147483647;
			files = (
				8C6FAA721EF53009005DCFCF /* AVFoundation.framework in Frameworks */,
				8C6FAA701EF52FFB005DCFCF /* AssetsLibrary.framework in Frameworks */,
				8C6FAA6E1EF52EBB005DCFCF /* QuartzCore.framework in Frameworks */,
				8C6FAA6C1EF52EA3005DCFCF /* GLKit.framework in Frameworks */,
				8C6FAA6A1EF52E80005DCFCF /* OpenGLES.framework in Frameworks */,
				DD6371C799DD3114DF5B3ACB /* Pods_FrameCamera.framework in Frameworks */,
			);
			runOnlyForDeploymentPostprocessing = 0;
		};
		8E06F1201ECAF5BD0021D054 /* Frameworks */ = {
			isa = PBXFrameworksBuildPhase;
			buildActionMask = 2147483647;
			files = (
			);
			runOnlyForDeploymentPostprocessing = 0;
		};
		8E06F12B1ECAF5BD0021D054 /* Frameworks */ = {
			isa = PBXFrameworksBuildPhase;
			buildActionMask = 2147483647;
			files = (
			);
			runOnlyForDeploymentPostprocessing = 0;
		};
/* End PBXFrameworksBuildPhase section */

/* Begin PBXGroup section */
		8C05F21F1F07A7A900F5EEB6 /* AssetLibrary */ = {
			isa = PBXGroup;
			children = (
				8C05F2201F07A7CF00F5EEB6 /* views */,
				8E2BF7A31ED28EE10042BE25 /* ViewController.swift */,
			);
			name = AssetLibrary;
			sourceTree = "<group>";
		};
		8C05F2201F07A7CF00F5EEB6 /* views */ = {
			isa = PBXGroup;
			children = (
				8C05F2211F07A8CA00F5EEB6 /* VideoLibraryCell.swift */,
			);
			name = views;
			sourceTree = "<group>";
		};
		8C05F2271F07E49C00F5EEB6 /* Views */ = {
			isa = PBXGroup;
			children = (
				8C05F2281F07E4C100F5EEB6 /* imageAssetPreviewCell.swift */,
				8C05F2291F07E4C100F5EEB6 /* imageAssetPreviewCell.xib */,
			);
			name = Views;
			sourceTree = "<group>";
		};
		8C41A1BE1EFFF5B700431181 /* FileManager */ = {
			isa = PBXGroup;
			children = (
				8C41A1BF1EFFF5E500431181 /* PGFileManager.swift */,
				8C05F21D1F07A49F00F5EEB6 /* PGUserDefault.swift */,
			);
			name = FileManager;
			sourceTree = "<group>";
		};
		8C57F6651EED24DB0086C8F7 /* View */ = {
			isa = PBXGroup;
			children = (
				8C6FAA661EF52657005DCFCF /* LYOpenGLView.h */,
				8C6FAA671EF52657005DCFCF /* LYOpenGLView.m */,
				8C68695C1EF8263E00E20FE4 /* SelectedPhotoCell.swift */,
				8C68695D1EF8263E00E20FE4 /* SelectedPhotoCell.xib */,
			);
			name = View;
			sourceTree = "<group>";
		};
		8C57F6661EED2E0A0086C8F7 /* Extension */ = {
			isa = PBXGroup;
			children = (
				8C57F6671EED2E0A0086C8F7 /* Bundle+Language.swift */,
				8C57F6681EED2E0A0086C8F7 /* DispatchQueue+Extension.swift */,
				8C57F6691EED2E0A0086C8F7 /* Int+Display.swift */,
				8C57F66A1EED2E0A0086C8F7 /* String+Range.swift */,
				8C57F66B1EED2E0A0086C8F7 /* UIAlertController+Alert.swift */,
				8C57F66C1EED2E0A0086C8F7 /* UIColor+Hex.swift */,
				8C57F66D1EED2E0A0086C8F7 /* UILabel+LineSpace.swift */,
				8C57F66E1EED2E0A0086C8F7 /* UITextField+Validation.swift */,
				8C57F66F1EED2E0A0086C8F7 /* UIViewController+PlaceHolderView.swift */,
				8C57F6701EED2E0A0086C8F7 /* URL+Extension.swift */,
			);
			path = Extension;
			sourceTree = "<group>";
		};
		8C6FAA731EF530CB005DCFCF /* Resource */ = {
			isa = PBXGroup;
			children = (
				8E06F1191ECAF5BD0021D054 /* Assets.xcassets */,
				8C6FAA791EF531CF005DCFCF /* testImage */,
				8C6FAA741EF53125005DCFCF /* Shader */,
			);
			name = Resource;
			sourceTree = "<group>";
		};
		8C6FAA741EF53125005DCFCF /* Shader */ = {
			isa = PBXGroup;
			children = (
				8C6FAA751EF53131005DCFCF /* Shader.fsh */,
				8C6FAA761EF53131005DCFCF /* Shader.vsh */,
			);
			name = Shader;
			sourceTree = "<group>";
		};
		8C6FAA791EF531CF005DCFCF /* testImage */ = {
			isa = PBXGroup;
			children = (
				8C6FAA7A1EF531DF005DCFCF /* for_test.png */,
			);
			name = testImage;
			sourceTree = "<group>";
		};
		8E06F1061ECAF5BD0021D054 = {
			isa = PBXGroup;
			children = (
				8E06F1111ECAF5BD0021D054 /* FrameCamera */,
				8E5A0D181F0631AA00E0CDB0 /* Libarary */,
				8E06F1101ECAF5BD0021D054 /* Products */,
				8C57F6661EED2E0A0086C8F7 /* Extension */,
				EB1F61EA4AA4AB0795E7074E /* Pods */,
				BF5B98A28183A27470D9514F /* Frameworks */,
			);
			sourceTree = "<group>";
		};
		8E06F1101ECAF5BD0021D054 /* Products */ = {
			isa = PBXGroup;
			children = (
				8E06F10F1ECAF5BD0021D054 /* PingGuo.app */,
				8E06F1231ECAF5BD0021D054 /* PingGuoTests.xctest */,
				8E06F12E1ECAF5BD0021D054 /* PingGuoUITests.xctest */,
			);
			name = Products;
			sourceTree = "<group>";
		};
		8E06F1111ECAF5BD0021D054 /* FrameCamera */ = {
			isa = PBXGroup;
			children = (
				8C6FAA731EF530CB005DCFCF /* Resource */,
				8E2BF7921ED27CF30042BE25 /* Base */,
				8C41A1BE1EFFF5B700431181 /* FileManager */,
				8E5A0D1F1F06546100E0CDB0 /* Comment */,
				8E2BF79C1ED28DFE0042BE25 /* Camera */,
				8C05F21F1F07A7A900F5EEB6 /* AssetLibrary */,
				8E5A0D1A1F06439700E0CDB0 /* ImageAssetEdit */,
				8E5A0D191F0631BC00E0CDB0 /* Extension */,
				8E2BF7A01ED28EE10042BE25 /* Supporting Files */,
				8E06F1161ECAF5BD0021D054 /* Main.storyboard */,
			);
			path = FrameCamera;
			sourceTree = "<group>";
		};
		8E2BF7921ED27CF30042BE25 /* Base */ = {
			isa = PBXGroup;
			children = (
				8E2BF7931ED27D120042BE25 /* BaseViewController.swift */,
				8E2BF7951ED27D220042BE25 /* BaseNavigationContorller.swift */,
			);
			path = Base;
			sourceTree = "<group>";
		};
		8E2BF79C1ED28DFE0042BE25 /* Camera */ = {
			isa = PBXGroup;
			children = (
				8E7BBAEC1F04F12000E6FB88 /* Model */,
				8C57F6651EED24DB0086C8F7 /* View */,
				8E2BF79D1ED28E1C0042BE25 /* CreateSnapshotViewContorller.swift */,
				8C6FAA631EF52532005DCFCF /* CreateSnapShotViewController+Camera.swift */,
				8C57F6631EED1ED00086C8F7 /* CreateSnapShotViewController.xib */,
				8C6869581EF822D800E20FE4 /* CropImagePickViewController.swift */,
				8C68695A1EF822F900E20FE4 /* CropImagePickViewController.xib */,
			);
			name = Camera;
			path = SnapShot;
			sourceTree = "<group>";
		};
		8E2BF7A01ED28EE10042BE25 /* Supporting Files */ = {
			isa = PBXGroup;
			children = (
				8C57F6611EED1B3C0086C8F7 /* Info.plist */,
				8E2BF7A71ED28EEE0042BE25 /* LaunchScreen.storyboard */,
				8E2BF7A11ED28EE10042BE25 /* AppDelegate.swift */,
				8C6FAA651EF52656005DCFCF /* PingGuo-Bridging-Header.h */,
			);
			path = "Supporting Files";
			sourceTree = "<group>";
		};
		8E5A0D181F0631AA00E0CDB0 /* Libarary */ = {
			isa = PBXGroup;
			children = (
			);
			name = Libarary;
			sourceTree = "<group>";
		};
		8E5A0D191F0631BC00E0CDB0 /* Extension */ = {
			isa = PBXGroup;
			children = (
			);
			name = Extension;
			path = ..;
			sourceTree = "<group>";
		};
		8E5A0D1A1F06439700E0CDB0 /* ImageAssetEdit */ = {
			isa = PBXGroup;
			children = (
				8C05F2271F07E49C00F5EEB6 /* Views */,
				8C05F2231F07B24400F5EEB6 /* ImageAssetEditVC.swift */,
				8C05F2241F07B24400F5EEB6 /* ImageAssetEditVC.xib */,
				8C05F22C1F081A4900F5EEB6 /* ImageEffectEditVC.swift */,
				8C05F22D1F081A4900F5EEB6 /* ImageEffectEditVC.xib */,
				8E5A0D1B1F0646F700E0CDB0 /* ImageAssetPreviewVC.swift */,
				8E5A0D1C1F0646F700E0CDB0 /* ImageAssetPreviewVC.xib */,
			);
			name = ImageAssetEdit;
			sourceTree = "<group>";
		};
		8E5A0D1F1F06546100E0CDB0 /* Comment */ = {
			isa = PBXGroup;
			children = (
			);
			name = Comment;
			sourceTree = "<group>";
		};
		8E7BBAEC1F04F12000E6FB88 /* Model */ = {
			isa = PBXGroup;
			children = (
				8E5A0D161F05F71300E0CDB0 /* PGImage.swift */,
				8E5A0D141F05F69000E0CDB0 /* PGAsset.swift */,
			);
			name = Model;
			sourceTree = "<group>";
		};
		BF5B98A28183A27470D9514F /* Frameworks */ = {
			isa = PBXGroup;
			children = (
				8C6FAA711EF53009005DCFCF /* AVFoundation.framework */,
				8C6FAA6F1EF52FFB005DCFCF /* AssetsLibrary.framework */,
				8C6FAA6D1EF52EBB005DCFCF /* QuartzCore.framework */,
				8C6FAA6B1EF52EA3005DCFCF /* GLKit.framework */,
				8C6FAA691EF52E80005DCFCF /* OpenGLES.framework */,
				04A155C1C3C2C12A99D26DBE /* Pods_FrameCamera.framework */,
			);
			name = Frameworks;
			sourceTree = "<group>";
		};
		EB1F61EA4AA4AB0795E7074E /* Pods */ = {
			isa = PBXGroup;
			children = (
				14F766317387E2E3EE2543D0 /* Pods-FrameCamera.debug.xcconfig */,
				E268213FE636F70BFCC60DAD /* Pods-FrameCamera.release.xcconfig */,
			);
			name = Pods;
			sourceTree = "<group>";
		};
/* End PBXGroup section */

/* Begin PBXNativeTarget section */
		8E06F10E1ECAF5BD0021D054 /* PingGuo */ = {
			isa = PBXNativeTarget;
			buildConfigurationList = 8E06F1371ECAF5BD0021D054 /* Build configuration list for PBXNativeTarget "PingGuo" */;
			buildPhases = (
				8F3B310611D01A37FA67F252 /* [CP] Check Pods Manifest.lock */,
				8E06F10B1ECAF5BD0021D054 /* Sources */,
				8E06F10C1ECAF5BD0021D054 /* Frameworks */,
				8E06F10D1ECAF5BD0021D054 /* Resources */,
				48DF8DB1F716B6A88B513723 /* [CP] Embed Pods Frameworks */,
				4917FDA98E7229E719C870D7 /* [CP] Copy Pods Resources */,
			);
			buildRules = (
			);
			dependencies = (
			);
			name = PingGuo;
			productName = FrameCamera;
			productReference = 8E06F10F1ECAF5BD0021D054 /* PingGuo.app */;
			productType = "com.apple.product-type.application";
		};
		8E06F1221ECAF5BD0021D054 /* PingGuoTests */ = {
			isa = PBXNativeTarget;
			buildConfigurationList = 8E06F13A1ECAF5BD0021D054 /* Build configuration list for PBXNativeTarget "PingGuoTests" */;
			buildPhases = (
				8E06F11F1ECAF5BD0021D054 /* Sources */,
				8E06F1201ECAF5BD0021D054 /* Frameworks */,
				8E06F1211ECAF5BD0021D054 /* Resources */,
			);
			buildRules = (
			);
			dependencies = (
				8E06F1251ECAF5BD0021D054 /* PBXTargetDependency */,
			);
			name = PingGuoTests;
			productName = FrameCameraTests;
			productReference = 8E06F1231ECAF5BD0021D054 /* PingGuoTests.xctest */;
			productType = "com.apple.product-type.bundle.unit-test";
		};
		8E06F12D1ECAF5BD0021D054 /* PingGuoUITests */ = {
			isa = PBXNativeTarget;
			buildConfigurationList = 8E06F13D1ECAF5BD0021D054 /* Build configuration list for PBXNativeTarget "PingGuoUITests" */;
			buildPhases = (
				8E06F12A1ECAF5BD0021D054 /* Sources */,
				8E06F12B1ECAF5BD0021D054 /* Frameworks */,
				8E06F12C1ECAF5BD0021D054 /* Resources */,
			);
			buildRules = (
			);
			dependencies = (
				8E06F1301ECAF5BD0021D054 /* PBXTargetDependency */,
			);
			name = PingGuoUITests;
			productName = FrameCameraUITests;
			productReference = 8E06F12E1ECAF5BD0021D054 /* PingGuoUITests.xctest */;
			productType = "com.apple.product-type.bundle.ui-testing";
		};
/* End PBXNativeTarget section */

/* Begin PBXProject section */
		8E06F1071ECAF5BD0021D054 /* Project object */ = {
			isa = PBXProject;
			attributes = {
				LastSwiftUpdateCheck = 0830;
				LastUpgradeCheck = 0830;
				ORGANIZATIONNAME = ShenMu;
				TargetAttributes = {
					8E06F10E1ECAF5BD0021D054 = {
						CreatedOnToolsVersion = 8.3.2;
						DevelopmentTeam = P99VN59447;
						LastSwiftMigration = 0830;
						ProvisioningStyle = Automatic;
					};
					8E06F1221ECAF5BD0021D054 = {
						CreatedOnToolsVersion = 8.3.2;
						ProvisioningStyle = Automatic;
						TestTargetID = 8E06F10E1ECAF5BD0021D054;
					};
					8E06F12D1ECAF5BD0021D054 = {
						CreatedOnToolsVersion = 8.3.2;
						ProvisioningStyle = Automatic;
						TestTargetID = 8E06F10E1ECAF5BD0021D054;
					};
				};
			};
			buildConfigurationList = 8E06F10A1ECAF5BD0021D054 /* Build configuration list for PBXProject "PingGuo" */;
			compatibilityVersion = "Xcode 3.2";
			developmentRegion = English;
			hasScannedForEncodings = 0;
			knownRegions = (
				en,
				Base,
			);
			mainGroup = 8E06F1061ECAF5BD0021D054;
			productRefGroup = 8E06F1101ECAF5BD0021D054 /* Products */;
			projectDirPath = "";
			projectRoot = "";
			targets = (
				8E06F10E1ECAF5BD0021D054 /* PingGuo */,
				8E06F1221ECAF5BD0021D054 /* PingGuoTests */,
				8E06F12D1ECAF5BD0021D054 /* PingGuoUITests */,
			);
		};
/* End PBXProject section */

/* Begin PBXResourcesBuildPhase section */
		8E06F10D1ECAF5BD0021D054 /* Resources */ = {
			isa = PBXResourcesBuildPhase;
			buildActionMask = 2147483647;
			files = (
				8C68695B1EF822F900E20FE4 /* CropImagePickViewController.xib in Resources */,
				8C68695F1EF8263E00E20FE4 /* SelectedPhotoCell.xib in Resources */,
				8C6FAA771EF53131005DCFCF /* Shader.fsh in Resources */,
				8C6FAA781EF53131005DCFCF /* Shader.vsh in Resources */,
				8C57F6621EED1B3C0086C8F7 /* Info.plist in Resources */,
				8E06F11A1ECAF5BD0021D054 /* Assets.xcassets in Resources */,
				8E2BF7A81ED28EEE0042BE25 /* LaunchScreen.storyboard in Resources */,
				8C05F22B1F07E4C100F5EEB6 /* imageAssetPreviewCell.xib in Resources */,
				8E5A0D1E1F0646F700E0CDB0 /* ImageAssetPreviewVC.xib in Resources */,
				8C6FAA7B1EF531DF005DCFCF /* for_test.png in Resources */,
				8E06F1181ECAF5BD0021D054 /* Main.storyboard in Resources */,
				8C05F22F1F081A4900F5EEB6 /* ImageEffectEditVC.xib in Resources */,
				8C57F6641EED1ED00086C8F7 /* CreateSnapShotViewController.xib in Resources */,
				8C05F2261F07B24400F5EEB6 /* ImageAssetEditVC.xib in Resources */,
			);
			runOnlyForDeploymentPostprocessing = 0;
		};
		8E06F1211ECAF5BD0021D054 /* Resources */ = {
			isa = PBXResourcesBuildPhase;
			buildActionMask = 2147483647;
			files = (
			);
			runOnlyForDeploymentPostprocessing = 0;
		};
		8E06F12C1ECAF5BD0021D054 /* Resources */ = {
			isa = PBXResourcesBuildPhase;
			buildActionMask = 2147483647;
			files = (
			);
			runOnlyForDeploymentPostprocessing = 0;
		};
/* End PBXResourcesBuildPhase section */

/* Begin PBXShellScriptBuildPhase section */
		48DF8DB1F716B6A88B513723 /* [CP] Embed Pods Frameworks */ = {
			isa = PBXShellScriptBuildPhase;
			buildActionMask = 2147483647;
			files = (
			);
			inputPaths = (
			);
			name = "[CP] Embed Pods Frameworks";
			outputPaths = (
			);
			runOnlyForDeploymentPostprocessing = 0;
			shellPath = /bin/sh;
			shellScript = "\"${SRCROOT}/Pods/Target Support Files/Pods-FrameCamera/Pods-FrameCamera-frameworks.sh\"\n";
			showEnvVarsInLog = 0;
		};
		4917FDA98E7229E719C870D7 /* [CP] Copy Pods Resources */ = {
			isa = PBXShellScriptBuildPhase;
			buildActionMask = 2147483647;
			files = (
			);
			inputPaths = (
			);
			name = "[CP] Copy Pods Resources";
			outputPaths = (
			);
			runOnlyForDeploymentPostprocessing = 0;
			shellPath = /bin/sh;
			shellScript = "\"${SRCROOT}/Pods/Target Support Files/Pods-FrameCamera/Pods-FrameCamera-resources.sh\"\n";
			showEnvVarsInLog = 0;
		};
		8F3B310611D01A37FA67F252 /* [CP] Check Pods Manifest.lock */ = {
			isa = PBXShellScriptBuildPhase;
			buildActionMask = 2147483647;
			files = (
			);
			inputPaths = (
			);
			name = "[CP] Check Pods Manifest.lock";
			outputPaths = (
			);
			runOnlyForDeploymentPostprocessing = 0;
			shellPath = /bin/sh;
			shellScript = "diff \"${PODS_PODFILE_DIR_PATH}/Podfile.lock\" \"${PODS_ROOT}/Manifest.lock\" > /dev/null\nif [ $? != 0 ] ; then\n    # print error to STDERR\n    echo \"error: The sandbox is not in sync with the Podfile.lock. Run 'pod install' or update your CocoaPods installation.\" >&2\n    exit 1\nfi\n";
			showEnvVarsInLog = 0;
		};
/* End PBXShellScriptBuildPhase section */

/* Begin PBXSourcesBuildPhase section */
		8E06F10B1ECAF5BD0021D054 /* Sources */ = {
			isa = PBXSourcesBuildPhase;
			buildActionMask = 2147483647;
			files = (
				8C57F6731EED2E0A0086C8F7 /* Int+Display.swift in Sources */,
				8C05F2251F07B24400F5EEB6 /* ImageAssetEditVC.swift in Sources */,
				8C57F6741EED2E0A0086C8F7 /* String+Range.swift in Sources */,
				8E5A0D171F05F71300E0CDB0 /* PGImage.swift in Sources */,
				8C57F6781EED2E0A0086C8F7 /* UITextField+Validation.swift in Sources */,
				8C57F6791EED2E0A0086C8F7 /* UIViewController+PlaceHolderView.swift in Sources */,
				8C05F2221F07A8CA00F5EEB6 /* VideoLibraryCell.swift in Sources */,
				8E5A0D151F05F69000E0CDB0 /* PGAsset.swift in Sources */,
				8E2BF7A61ED28EE10042BE25 /* ViewController.swift in Sources */,
				8C57F6751EED2E0A0086C8F7 /* UIAlertController+Alert.swift in Sources */,
				8C57F6721EED2E0A0086C8F7 /* DispatchQueue+Extension.swift in Sources */,
				8C57F6761EED2E0A0086C8F7 /* UIColor+Hex.swift in Sources */,
				8C57F67A1EED2E0A0086C8F7 /* URL+Extension.swift in Sources */,
				8E2BF7A41ED28EE10042BE25 /* AppDelegate.swift in Sources */,
				8E2BF79E1ED28E1C0042BE25 /* CreateSnapshotViewContorller.swift in Sources */,
				8C6FAA641EF52533005DCFCF /* CreateSnapShotViewController+Camera.swift in Sources */,
				8C41A1C01EFFF5E500431181 /* PGFileManager.swift in Sources */,
				8C57F6711EED2E0A0086C8F7 /* Bundle+Language.swift in Sources */,
				8C05F22A1F07E4C100F5EEB6 /* imageAssetPreviewCell.swift in Sources */,
				8E2BF7961ED27D220042BE25 /* BaseNavigationContorller.swift in Sources */,
				8C05F21E1F07A49F00F5EEB6 /* PGUserDefault.swift in Sources */,
				8C05F22E1F081A4900F5EEB6 /* ImageEffectEditVC.swift in Sources */,
				8E2BF7941ED27D120042BE25 /* BaseViewController.swift in Sources */,
				8C68695E1EF8263E00E20FE4 /* SelectedPhotoCell.swift in Sources */,
				8C6FAA681EF52657005DCFCF /* LYOpenGLView.m in Sources */,
				8E5A0D1D1F0646F700E0CDB0 /* ImageAssetPreviewVC.swift in Sources */,
				8C57F6771EED2E0A0086C8F7 /* UILabel+LineSpace.swift in Sources */,
				8C6869591EF822D800E20FE4 /* CropImagePickViewController.swift in Sources */,
			);
			runOnlyForDeploymentPostprocessing = 0;
		};
		8E06F11F1ECAF5BD0021D054 /* Sources */ = {
			isa = PBXSourcesBuildPhase;
			buildActionMask = 2147483647;
			files = (
			);
			runOnlyForDeploymentPostprocessing = 0;
		};
		8E06F12A1ECAF5BD0021D054 /* Sources */ = {
			isa = PBXSourcesBuildPhase;
			buildActionMask = 2147483647;
			files = (
			);
			runOnlyForDeploymentPostprocessing = 0;
		};
/* End PBXSourcesBuildPhase section */

/* Begin PBXTargetDependency section */
		8E06F1251ECAF5BD0021D054 /* PBXTargetDependency */ = {
			isa = PBXTargetDependency;
			target = 8E06F10E1ECAF5BD0021D054 /* PingGuo */;
			targetProxy = 8E06F1241ECAF5BD0021D054 /* PBXContainerItemProxy */;
		};
		8E06F1301ECAF5BD0021D054 /* PBXTargetDependency */ = {
			isa = PBXTargetDependency;
			target = 8E06F10E1ECAF5BD0021D054 /* PingGuo */;
			targetProxy = 8E06F12F1ECAF5BD0021D054 /* PBXContainerItemProxy */;
		};
/* End PBXTargetDependency section */

/* Begin PBXVariantGroup section */
		8E06F1161ECAF5BD0021D054 /* Main.storyboard */ = {
			isa = PBXVariantGroup;
			children = (
				8E06F1171ECAF5BD0021D054 /* Base */,
			);
			name = Main.storyboard;
			sourceTree = "<group>";
		};
/* End PBXVariantGroup section */

/* Begin XCBuildConfiguration section */
		8E06F1351ECAF5BD0021D054 /* Debug */ = {
			isa = XCBuildConfiguration;
			buildSettings = {
				ALWAYS_SEARCH_USER_PATHS = NO;
				CLANG_ANALYZER_NONNULL = YES;
				CLANG_ANALYZER_NUMBER_OBJECT_CONVERSION = YES_AGGRESSIVE;
				CLANG_CXX_LANGUAGE_STANDARD = "gnu++0x";
				CLANG_CXX_LIBRARY = "libc++";
				CLANG_ENABLE_MODULES = YES;
				CLANG_ENABLE_OBJC_ARC = YES;
				CLANG_WARN_BOOL_CONVERSION = YES;
				CLANG_WARN_CONSTANT_CONVERSION = YES;
				CLANG_WARN_DIRECT_OBJC_ISA_USAGE = YES_ERROR;
				CLANG_WARN_DOCUMENTATION_COMMENTS = YES;
				CLANG_WARN_EMPTY_BODY = YES;
				CLANG_WARN_ENUM_CONVERSION = YES;
				CLANG_WARN_INFINITE_RECURSION = YES;
				CLANG_WARN_INT_CONVERSION = YES;
				CLANG_WARN_OBJC_ROOT_CLASS = YES_ERROR;
				CLANG_WARN_SUSPICIOUS_MOVE = YES;
				CLANG_WARN_UNREACHABLE_CODE = YES;
				CLANG_WARN__DUPLICATE_METHOD_MATCH = YES;
				"CODE_SIGN_IDENTITY[sdk=iphoneos*]" = "iPhone Developer";
				COPY_PHASE_STRIP = NO;
				DEBUG_INFORMATION_FORMAT = dwarf;
				ENABLE_STRICT_OBJC_MSGSEND = YES;
				ENABLE_TESTABILITY = YES;
				GCC_C_LANGUAGE_STANDARD = gnu99;
				GCC_DYNAMIC_NO_PIC = NO;
				GCC_NO_COMMON_BLOCKS = YES;
				GCC_OPTIMIZATION_LEVEL = 0;
				GCC_PREPROCESSOR_DEFINITIONS = (
					"DEBUG=1",
					"$(inherited)",
				);
				GCC_WARN_64_TO_32_BIT_CONVERSION = YES;
				GCC_WARN_ABOUT_RETURN_TYPE = YES_ERROR;
				GCC_WARN_UNDECLARED_SELECTOR = YES;
				GCC_WARN_UNINITIALIZED_AUTOS = YES_AGGRESSIVE;
				GCC_WARN_UNUSED_FUNCTION = YES;
				GCC_WARN_UNUSED_VARIABLE = YES;
				IPHONEOS_DEPLOYMENT_TARGET = 10.3;
				MTL_ENABLE_DEBUG_INFO = YES;
				ONLY_ACTIVE_ARCH = YES;
				SDKROOT = iphoneos;
				SWIFT_ACTIVE_COMPILATION_CONDITIONS = DEBUG;
				SWIFT_OPTIMIZATION_LEVEL = "-Onone";
				TARGETED_DEVICE_FAMILY = "1,2";
			};
			name = Debug;
		};
		8E06F1361ECAF5BD0021D054 /* Release */ = {
			isa = XCBuildConfiguration;
			buildSettings = {
				ALWAYS_SEARCH_USER_PATHS = NO;
				CLANG_ANALYZER_NONNULL = YES;
				CLANG_ANALYZER_NUMBER_OBJECT_CONVERSION = YES_AGGRESSIVE;
				CLANG_CXX_LANGUAGE_STANDARD = "gnu++0x";
				CLANG_CXX_LIBRARY = "libc++";
				CLANG_ENABLE_MODULES = YES;
				CLANG_ENABLE_OBJC_ARC = YES;
				CLANG_WARN_BOOL_CONVERSION = YES;
				CLANG_WARN_CONSTANT_CONVERSION = YES;
				CLANG_WARN_DIRECT_OBJC_ISA_USAGE = YES_ERROR;
				CLANG_WARN_DOCUMENTATION_COMMENTS = YES;
				CLANG_WARN_EMPTY_BODY = YES;
				CLANG_WARN_ENUM_CONVERSION = YES;
				CLANG_WARN_INFINITE_RECURSION = YES;
				CLANG_WARN_INT_CONVERSION = YES;
				CLANG_WARN_OBJC_ROOT_CLASS = YES_ERROR;
				CLANG_WARN_SUSPICIOUS_MOVE = YES;
				CLANG_WARN_UNREACHABLE_CODE = YES;
				CLANG_WARN__DUPLICATE_METHOD_MATCH = YES;
				"CODE_SIGN_IDENTITY[sdk=iphoneos*]" = "iPhone Developer";
				COPY_PHASE_STRIP = NO;
				DEBUG_INFORMATION_FORMAT = "dwarf-with-dsym";
				ENABLE_NS_ASSERTIONS = NO;
				ENABLE_STRICT_OBJC_MSGSEND = YES;
				GCC_C_LANGUAGE_STANDARD = gnu99;
				GCC_NO_COMMON_BLOCKS = YES;
				GCC_WARN_64_TO_32_BIT_CONVERSION = YES;
				GCC_WARN_ABOUT_RETURN_TYPE = YES_ERROR;
				GCC_WARN_UNDECLARED_SELECTOR = YES;
				GCC_WARN_UNINITIALIZED_AUTOS = YES_AGGRESSIVE;
				GCC_WARN_UNUSED_FUNCTION = YES;
				GCC_WARN_UNUSED_VARIABLE = YES;
				IPHONEOS_DEPLOYMENT_TARGET = 10.3;
				MTL_ENABLE_DEBUG_INFO = NO;
				SDKROOT = iphoneos;
				SWIFT_OPTIMIZATION_LEVEL = "-Owholemodule";
				TARGETED_DEVICE_FAMILY = "1,2";
				VALIDATE_PRODUCT = YES;
			};
			name = Release;
		};
		8E06F1381ECAF5BD0021D054 /* Debug */ = {
			isa = XCBuildConfiguration;
			baseConfigurationReference = 14F766317387E2E3EE2543D0 /* Pods-FrameCamera.debug.xcconfig */;
			buildSettings = {
				ASSETCATALOG_COMPILER_APPICON_NAME = AppIcon;
				CLANG_ENABLE_MODULES = YES;
				DEVELOPMENT_TEAM = P99VN59447;
				INFOPLIST_FILE = "$(SRCROOT)/FrameCamera/Supporting Files/Info.plist";
				IPHONEOS_DEPLOYMENT_TARGET = 8.0;
				LD_RUNPATH_SEARCH_PATHS = "$(inherited) @executable_path/Frameworks";
				PRODUCT_BUNDLE_IDENTIFIER = BrotherGang.PingGuo;
				PRODUCT_NAME = "$(TARGET_NAME)";
				SWIFT_OBJC_BRIDGING_HEADER = "FrameCamera/SnapShot/PingGuo-Bridging-Header.h";
				SWIFT_OPTIMIZATION_LEVEL = "-Onone";
				SWIFT_VERSION = 3.0;
			};
			name = Debug;
		};
		8E06F1391ECAF5BD0021D054 /* Release */ = {
			isa = XCBuildConfiguration;
			baseConfigurationReference = E268213FE636F70BFCC60DAD /* Pods-FrameCamera.release.xcconfig */;
			buildSettings = {
				ASSETCATALOG_COMPILER_APPICON_NAME = AppIcon;
				CLANG_ENABLE_MODULES = YES;
				DEVELOPMENT_TEAM = P99VN59447;
				INFOPLIST_FILE = "$(SRCROOT)/FrameCamera/Supporting Files/Info.plist";
				IPHONEOS_DEPLOYMENT_TARGET = 8.0;
				LD_RUNPATH_SEARCH_PATHS = "$(inherited) @executable_path/Frameworks";
				PRODUCT_BUNDLE_IDENTIFIER = BrotherGang.PingGuo;
				PRODUCT_NAME = "$(TARGET_NAME)";
				SWIFT_OBJC_BRIDGING_HEADER = "FrameCamera/SnapShot/PingGuo-Bridging-Header.h";
				SWIFT_VERSION = 3.0;
			};
			name = Release;
		};
		8E06F13B1ECAF5BD0021D054 /* Debug */ = {
			isa = XCBuildConfiguration;
			buildSettings = {
				ALWAYS_EMBED_SWIFT_STANDARD_LIBRARIES = YES;
				BUNDLE_LOADER = "$(TEST_HOST)";
				INFOPLIST_FILE = FrameCameraTests/Info.plist;
				LD_RUNPATH_SEARCH_PATHS = "$(inherited) @executable_path/Frameworks @loader_path/Frameworks";
				PRODUCT_BUNDLE_IDENTIFIER = BrotherGang.FrameCameraTests;
				PRODUCT_NAME = "$(TARGET_NAME)";
				SWIFT_VERSION = 3.0;
				TEST_HOST = "$(BUILT_PRODUCTS_DIR)/PingGuo.app/PingGuo";
			};
			name = Debug;
		};
		8E06F13C1ECAF5BD0021D054 /* Release */ = {
			isa = XCBuildConfiguration;
			buildSettings = {
				ALWAYS_EMBED_SWIFT_STANDARD_LIBRARIES = YES;
				BUNDLE_LOADER = "$(TEST_HOST)";
				INFOPLIST_FILE = FrameCameraTests/Info.plist;
				LD_RUNPATH_SEARCH_PATHS = "$(inherited) @executable_path/Frameworks @loader_path/Frameworks";
				PRODUCT_BUNDLE_IDENTIFIER = BrotherGang.FrameCameraTests;
				PRODUCT_NAME = "$(TARGET_NAME)";
				SWIFT_VERSION = 3.0;
				TEST_HOST = "$(BUILT_PRODUCTS_DIR)/PingGuo.app/PingGuo";
			};
			name = Release;
		};
		8E06F13E1ECAF5BD0021D054 /* Debug */ = {
			isa = XCBuildConfiguration;
			buildSettings = {
				ALWAYS_EMBED_SWIFT_STANDARD_LIBRARIES = YES;
				INFOPLIST_FILE = FrameCameraUITests/Info.plist;
				LD_RUNPATH_SEARCH_PATHS = "$(inherited) @executable_path/Frameworks @loader_path/Frameworks";
				PRODUCT_BUNDLE_IDENTIFIER = BrotherGang.FrameCameraUITests;
				PRODUCT_NAME = "$(TARGET_NAME)";
				SWIFT_VERSION = 3.0;
				TEST_TARGET_NAME = FrameCamera;
			};
			name = Debug;
		};
		8E06F13F1ECAF5BD0021D054 /* Release */ = {
			isa = XCBuildConfiguration;
			buildSettings = {
				ALWAYS_EMBED_SWIFT_STANDARD_LIBRARIES = YES;
				INFOPLIST_FILE = FrameCameraUITests/Info.plist;
				LD_RUNPATH_SEARCH_PATHS = "$(inherited) @executable_path/Frameworks @loader_path/Frameworks";
				PRODUCT_BUNDLE_IDENTIFIER = BrotherGang.FrameCameraUITests;
				PRODUCT_NAME = "$(TARGET_NAME)";
				SWIFT_VERSION = 3.0;
				TEST_TARGET_NAME = FrameCamera;
			};
			name = Release;
		};
/* End XCBuildConfiguration section */

/* Begin XCConfigurationList section */
		8E06F10A1ECAF5BD0021D054 /* Build configuration list for PBXProject "PingGuo" */ = {
			isa = XCConfigurationList;
			buildConfigurations = (
				8E06F1351ECAF5BD0021D054 /* Debug */,
				8E06F1361ECAF5BD0021D054 /* Release */,
			);
			defaultConfigurationIsVisible = 0;
			defaultConfigurationName = Release;
		};
		8E06F1371ECAF5BD0021D054 /* Build configuration list for PBXNativeTarget "PingGuo" */ = {
			isa = XCConfigurationList;
			buildConfigurations = (
				8E06F1381ECAF5BD0021D054 /* Debug */,
				8E06F1391ECAF5BD0021D054 /* Release */,
			);
			defaultConfigurationIsVisible = 0;
			defaultConfigurationName = Release;
		};
		8E06F13A1ECAF5BD0021D054 /* Build configuration list for PBXNativeTarget "PingGuoTests" */ = {
			isa = XCConfigurationList;
			buildConfigurations = (
				8E06F13B1ECAF5BD0021D054 /* Debug */,
				8E06F13C1ECAF5BD0021D054 /* Release */,
			);
			defaultConfigurationIsVisible = 0;
			defaultConfigurationName = Release;
		};
		8E06F13D1ECAF5BD0021D054 /* Build configuration list for PBXNativeTarget "PingGuoUITests" */ = {
			isa = XCConfigurationList;
			buildConfigurations = (
				8E06F13E1ECAF5BD0021D054 /* Debug */,
				8E06F13F1ECAF5BD0021D054 /* Release */,
			);
			defaultConfigurationIsVisible = 0;
			defaultConfigurationName = Release;
		};
/* End XCConfigurationList section */
	};
	rootObject = 8E06F1071ECAF5BD0021D054 /* Project object */;
}
